
Microsoft Visual Studio Solution File, Format Version 12.00
# Visual Studio 15
VisualStudioVersion = 15.0.26403.7
MinimumVisualStudioVersion = 10.0.40219.1
Project("{FAE04EC0-301F-11D3-BF4B-00C04F79EFBC}") = "ClarityWebAppDX", "ClarityWebAppDX\ClarityWebAppDX.csproj", "{0137D9FE-77A5-400E-99F8-DAC0EA06512F}"
EndProject
Global
	GlobalSection(SolutionConfigurationPlatforms) = preSolution
		Debug|Any CPU = Debug|Any CPU
		Release|Any CPU = Release|Any CPU
	EndGlobalSection
	GlobalSection(ProjectConfigurationPlatforms) = postSolution
		{0137D9FE-77A5-400E-99F8-DAC0EA06512F}.Debug|Any CPU.ActiveCfg = Debug|Any CPU
		{0137D9FE-77A5-400E-99F8-DAC0EA06512F}.Debug|Any CPU.Build.0 = Debug|Any CPU
		{0137D9FE-77A5-400E-99F8-DAC0EA06512F}.Release|Any CPU.ActiveCfg = Release|Any CPU
		{0137D9FE-77A5-400E-99F8-DAC0EA06512F}.Release|Any CPU.Build.0 = Release|Any CPU
	EndGlobalSection
	GlobalSection(SolutionProperties) = preSolution
		HideSolutionNode = FALSE
	EndGlobalSection
EndGlobal
