
Microsoft Visual Studio Solution File, Format Version 12.00
# Visual Studio 15
VisualStudioVersion = 15.0.26403.7
MinimumVisualStudioVersion = 10.0.40219.1
Project("{FAE04EC0-301F-11D3-BF4B-00C04F79EFBC}") = "ClarityWebAppDX", "ClarityWebAppDX\ClarityWebAppDX.csproj", "{0137D9FE-77A5-400E-99F8-DAC0EA06512F}"
EndProject
Project("{FAE04EC0-301F-11D3-BF4B-00C04F79EFBC}") = "Clarity.DataAccess", "Clarity.DataAccess\Clarity.DataAccess.csproj", "{CA6B5501-11C6-48F7-97E4-F16A1C3EE17B}"
EndProject
Project("{FAE04EC0-301F-11D3-BF4B-00C04F79EFBC}") = "Clarity.CryptoProvider", "Clarity.CryptoProvider\Clarity.CryptoProvider.csproj", "{8AD93947-0F0C-45EC-B01C-731D44B070D1}"
EndProject
Project("{FAE04EC0-301F-11D3-BF4B-00C04F79EFBC}") = "API", "API\API.csproj", "{F6E31C4A-A9B2-4D25-BAE2-EC94BC05DF2B}"
EndProject
Global
	GlobalSection(SolutionConfigurationPlatforms) = preSolution
		Debug|Any CPU = Debug|Any CPU
		Release|Any CPU = Release|Any CPU
	EndGlobalSection
	GlobalSection(ProjectConfigurationPlatforms) = postSolution
		{0137D9FE-77A5-400E-99F8-DAC0EA06512F}.Debug|Any CPU.ActiveCfg = Debug|Any CPU
		{0137D9FE-77A5-400E-99F8-DAC0EA06512F}.Debug|Any CPU.Build.0 = Debug|Any CPU
		{0137D9FE-77A5-400E-99F8-DAC0EA06512F}.Release|Any CPU.ActiveCfg = Release|Any CPU
		{0137D9FE-77A5-400E-99F8-DAC0EA06512F}.Release|Any CPU.Build.0 = Release|Any CPU
		{CA6B5501-11C6-48F7-97E4-F16A1C3EE17B}.Debug|Any CPU.ActiveCfg = Debug|Any CPU
		{CA6B5501-11C6-48F7-97E4-F16A1C3EE17B}.Debug|Any CPU.Build.0 = Debug|Any CPU
		{CA6B5501-11C6-48F7-97E4-F16A1C3EE17B}.Release|Any CPU.ActiveCfg = Release|Any CPU
		{CA6B5501-11C6-48F7-97E4-F16A1C3EE17B}.Release|Any CPU.Build.0 = Release|Any CPU
		{8AD93947-0F0C-45EC-B01C-731D44B070D1}.Debug|Any CPU.ActiveCfg = Debug|Any CPU
		{8AD93947-0F0C-45EC-B01C-731D44B070D1}.Debug|Any CPU.Build.0 = Debug|Any CPU
		{8AD93947-0F0C-45EC-B01C-731D44B070D1}.Release|Any CPU.ActiveCfg = Release|Any CPU
		{8AD93947-0F0C-45EC-B01C-731D44B070D1}.Release|Any CPU.Build.0 = Release|Any CPU
		{F6E31C4A-A9B2-4D25-BAE2-EC94BC05DF2B}.Debug|Any CPU.ActiveCfg = Debug|Any CPU
		{F6E31C4A-A9B2-4D25-BAE2-EC94BC05DF2B}.Debug|Any CPU.Build.0 = Debug|Any CPU
		{F6E31C4A-A9B2-4D25-BAE2-EC94BC05DF2B}.Release|Any CPU.ActiveCfg = Release|Any CPU
		{F6E31C4A-A9B2-4D25-BAE2-EC94BC05DF2B}.Release|Any CPU.Build.0 = Release|Any CPU
	EndGlobalSection
	GlobalSection(SolutionProperties) = preSolution
		HideSolutionNode = FALSE
	EndGlobalSection
EndGlobal
